
Microsoft Visual Studio Solution File, Format Version 12.00
# Visual Studio Version 17
VisualStudioVersion = 17.12.35527.113
MinimumVisualStudioVersion = 10.0.40219.1
Project("{2150E333-8FDC-42A3-9474-1A3956D46DE8}") = "Task0", "Task0", "{A733CD28-2B38-4628-8288-A8F82EAF67D3}"
EndProject
Project("{FAE04EC0-301F-11D3-BF4B-00C04F79EFBC}") = "Tyuiu.StoletovNA.Sprint5.Task0.V9", "Tyuiu.StoletovNA.Sprint5.Task0.V9\Tyuiu.StoletovNA.Sprint5.Task0.V9.csproj", "{80018B46-0CB5-41B5-B8E3-9AB8415A0322}"
EndProject
Project("{FAE04EC0-301F-11D3-BF4B-00C04F79EFBC}") = "Tyuiu.StoletovNA.Sprint5.Task0.V9.Lib", "Tyuiu.StoletovNA.Sprint5.Task0.V9.Lib\Tyuiu.StoletovNA.Sprint5.Task0.V9.Lib.csproj", "{609DAAA5-A8CD-45D6-B2E1-666F0BC623D0}"
EndProject
Project("{FAE04EC0-301F-11D3-BF4B-00C04F79EFBC}") = "Tyuiu.StoletovNA.Sprint5.Task0.V9.Test", "Tyuiu.StoletovNA.Sprint5.Task0.V9.Test\Tyuiu.StoletovNA.Sprint5.Task0.V9.Test.csproj", "{F435FD96-800D-4C45-B312-792622F972C5}"
EndProject
Global
	GlobalSection(SolutionConfigurationPlatforms) = preSolution
		Debug|Any CPU = Debug|Any CPU
		Release|Any CPU = Release|Any CPU
	EndGlobalSection
	GlobalSection(ProjectConfigurationPlatforms) = postSolution
		{80018B46-0CB5-41B5-B8E3-9AB8415A0322}.Debug|Any CPU.ActiveCfg = Debug|Any CPU
		{80018B46-0CB5-41B5-B8E3-9AB8415A0322}.Debug|Any CPU.Build.0 = Debug|Any CPU
		{80018B46-0CB5-41B5-B8E3-9AB8415A0322}.Release|Any CPU.ActiveCfg = Release|Any CPU
		{80018B46-0CB5-41B5-B8E3-9AB8415A0322}.Release|Any CPU.Build.0 = Release|Any CPU
		{609DAAA5-A8CD-45D6-B2E1-666F0BC623D0}.Debug|Any CPU.ActiveCfg = Debug|Any CPU
		{609DAAA5-A8CD-45D6-B2E1-666F0BC623D0}.Debug|Any CPU.Build.0 = Debug|Any CPU
		{609DAAA5-A8CD-45D6-B2E1-666F0BC623D0}.Release|Any CPU.ActiveCfg = Release|Any CPU
		{609DAAA5-A8CD-45D6-B2E1-666F0BC623D0}.Release|Any CPU.Build.0 = Release|Any CPU
		{F435FD96-800D-4C45-B312-792622F972C5}.Debug|Any CPU.ActiveCfg = Debug|Any CPU
		{F435FD96-800D-4C45-B312-792622F972C5}.Debug|Any CPU.Build.0 = Debug|Any CPU
		{F435FD96-800D-4C45-B312-792622F972C5}.Release|Any CPU.ActiveCfg = Release|Any CPU
		{F435FD96-800D-4C45-B312-792622F972C5}.Release|Any CPU.Build.0 = Release|Any CPU
	EndGlobalSection
	GlobalSection(SolutionProperties) = preSolution
		HideSolutionNode = FALSE
	EndGlobalSection
	GlobalSection(NestedProjects) = preSolution
		{80018B46-0CB5-41B5-B8E3-9AB8415A0322} = {A733CD28-2B38-4628-8288-A8F82EAF67D3}
		{609DAAA5-A8CD-45D6-B2E1-666F0BC623D0} = {A733CD28-2B38-4628-8288-A8F82EAF67D3}
		{F435FD96-800D-4C45-B312-792622F972C5} = {A733CD28-2B38-4628-8288-A8F82EAF67D3}
	EndGlobalSection
EndGlobal
